
Microsoft Visual Studio Solution File, Format Version 12.00
# Visual Studio Version 17
VisualStudioVersion = 17.0.31903.59
MinimumVisualStudioVersion = 10.0.40219.1
Project("{2150E333-8FDC-42A3-9474-1A3956D46DE8}") = "src", "src", "{827E0CD3-B72D-47B6-A68D-7590B98EB39B}"
EndProject
Project("{FAE04EC0-301F-11D3-BF4B-00C04F79EFBC}") = "TuitionHub.Domain", "src\TuitionHub.Domain\TuitionHub.Domain.csproj", "{4C2B7D95-2DCA-4A5B-B403-520CA98F24A2}"
EndProject
Project("{FAE04EC0-301F-11D3-BF4B-00C04F79EFBC}") = "TuitionHub.Application", "src\TuitionHub.Application\TuitionHub.Application.csproj", "{BF8A041E-A46D-4F62-85C1-58ADFA0A4EEB}"
EndProject
Project("{FAE04EC0-301F-11D3-BF4B-00C04F79EFBC}") = "TuitionHub.Api", "src\TuitionHub.Api\TuitionHub.Api.csproj", "{B7626BC7-3236-4C6A-8DBB-B0487BE7A88A}"
EndProject
Project("{FAE04EC0-301F-11D3-BF4B-00C04F79EFBC}") = "TuitionHub.Infrastructure", "src\TuitionHub.Infrastructure\TuitionHub.Infrastructure.csproj", "{9DB0E821-3AC9-4121-A61D-A106E7557EF5}"
EndProject
Project("{2150E333-8FDC-42A3-9474-1A3956D46DE8}") = "tests", "tests", "{0AB3BF05-4346-4AA6-1389-037BE0695223}"
EndProject
Project("{FAE04EC0-301F-11D3-BF4B-00C04F79EFBC}") = "TuitionHub.UnitTests", "tests\TuitionHub.UnitTests\TuitionHub.UnitTests.csproj", "{EE1DBE52-CE9D-4ACE-83E3-905F49471CA2}"
EndProject
Project("{FAE04EC0-301F-11D3-BF4B-00C04F79EFBC}") = "TuitionHub.IntegrationTests", "tests\TuitionHub.IntegrationTests\TuitionHub.IntegrationTests.csproj", "{5D1A6837-3241-4D88-99CA-8441B7C89BDF}"
EndProject
Global
	GlobalSection(SolutionConfigurationPlatforms) = preSolution
		Debug|Any CPU = Debug|Any CPU
		Debug|x64 = Debug|x64
		Debug|x86 = Debug|x86
		Release|Any CPU = Release|Any CPU
		Release|x64 = Release|x64
		Release|x86 = Release|x86
	EndGlobalSection
	GlobalSection(ProjectConfigurationPlatforms) = postSolution
		{4C2B7D95-2DCA-4A5B-B403-520CA98F24A2}.Debug|Any CPU.ActiveCfg = Debug|Any CPU
		{4C2B7D95-2DCA-4A5B-B403-520CA98F24A2}.Debug|Any CPU.Build.0 = Debug|Any CPU
		{4C2B7D95-2DCA-4A5B-B403-520CA98F24A2}.Debug|x64.ActiveCfg = Debug|Any CPU
		{4C2B7D95-2DCA-4A5B-B403-520CA98F24A2}.Debug|x64.Build.0 = Debug|Any CPU
		{4C2B7D95-2DCA-4A5B-B403-520CA98F24A2}.Debug|x86.ActiveCfg = Debug|Any CPU
		{4C2B7D95-2DCA-4A5B-B403-520CA98F24A2}.Debug|x86.Build.0 = Debug|Any CPU
		{4C2B7D95-2DCA-4A5B-B403-520CA98F24A2}.Release|Any CPU.ActiveCfg = Release|Any CPU
		{4C2B7D95-2DCA-4A5B-B403-520CA98F24A2}.Release|Any CPU.Build.0 = Release|Any CPU
		{4C2B7D95-2DCA-4A5B-B403-520CA98F24A2}.Release|x64.ActiveCfg = Release|Any CPU
		{4C2B7D95-2DCA-4A5B-B403-520CA98F24A2}.Release|x64.Build.0 = Release|Any CPU
		{4C2B7D95-2DCA-4A5B-B403-520CA98F24A2}.Release|x86.ActiveCfg = Release|Any CPU
		{4C2B7D95-2DCA-4A5B-B403-520CA98F24A2}.Release|x86.Build.0 = Release|Any CPU
		{BF8A041E-A46D-4F62-85C1-58ADFA0A4EEB}.Debug|Any CPU.ActiveCfg = Debug|Any CPU
		{BF8A041E-A46D-4F62-85C1-58ADFA0A4EEB}.Debug|Any CPU.Build.0 = Debug|Any CPU
		{BF8A041E-A46D-4F62-85C1-58ADFA0A4EEB}.Debug|x64.ActiveCfg = Debug|Any CPU
		{BF8A041E-A46D-4F62-85C1-58ADFA0A4EEB}.Debug|x64.Build.0 = Debug|Any CPU
		{BF8A041E-A46D-4F62-85C1-58ADFA0A4EEB}.Debug|x86.ActiveCfg = Debug|Any CPU
		{BF8A041E-A46D-4F62-85C1-58ADFA0A4EEB}.Debug|x86.Build.0 = Debug|Any CPU
		{BF8A041E-A46D-4F62-85C1-58ADFA0A4EEB}.Release|Any CPU.ActiveCfg = Release|Any CPU
		{BF8A041E-A46D-4F62-85C1-58ADFA0A4EEB}.Release|Any CPU.Build.0 = Release|Any CPU
		{BF8A041E-A46D-4F62-85C1-58ADFA0A4EEB}.Release|x64.ActiveCfg = Release|Any CPU
		{BF8A041E-A46D-4F62-85C1-58ADFA0A4EEB}.Release|x64.Build.0 = Release|Any CPU
		{BF8A041E-A46D-4F62-85C1-58ADFA0A4EEB}.Release|x86.ActiveCfg = Release|Any CPU
		{BF8A041E-A46D-4F62-85C1-58ADFA0A4EEB}.Release|x86.Build.0 = Release|Any CPU
		{B7626BC7-3236-4C6A-8DBB-B0487BE7A88A}.Debug|Any CPU.ActiveCfg = Debug|Any CPU
		{B7626BC7-3236-4C6A-8DBB-B0487BE7A88A}.Debug|Any CPU.Build.0 = Debug|Any CPU
		{B7626BC7-3236-4C6A-8DBB-B0487BE7A88A}.Debug|x64.ActiveCfg = Debug|Any CPU
		{B7626BC7-3236-4C6A-8DBB-B0487BE7A88A}.Debug|x64.Build.0 = Debug|Any CPU
		{B7626BC7-3236-4C6A-8DBB-B0487BE7A88A}.Debug|x86.ActiveCfg = Debug|Any CPU
		{B7626BC7-3236-4C6A-8DBB-B0487BE7A88A}.Debug|x86.Build.0 = Debug|Any CPU
		{B7626BC7-3236-4C6A-8DBB-B0487BE7A88A}.Release|Any CPU.ActiveCfg = Release|Any CPU
		{B7626BC7-3236-4C6A-8DBB-B0487BE7A88A}.Release|Any CPU.Build.0 = Release|Any CPU
		{B7626BC7-3236-4C6A-8DBB-B0487BE7A88A}.Release|x64.ActiveCfg = Release|Any CPU
		{B7626BC7-3236-4C6A-8DBB-B0487BE7A88A}.Release|x64.Build.0 = Release|Any CPU
		{B7626BC7-3236-4C6A-8DBB-B0487BE7A88A}.Release|x86.ActiveCfg = Release|Any CPU
		{B7626BC7-3236-4C6A-8DBB-B0487BE7A88A}.Release|x86.Build.0 = Release|Any CPU
		{9DB0E821-3AC9-4121-A61D-A106E7557EF5}.Debug|Any CPU.ActiveCfg = Debug|Any CPU
		{9DB0E821-3AC9-4121-A61D-A106E7557EF5}.Debug|Any CPU.Build.0 = Debug|Any CPU
		{9DB0E821-3AC9-4121-A61D-A106E7557EF5}.Debug|x64.ActiveCfg = Debug|Any CPU
		{9DB0E821-3AC9-4121-A61D-A106E7557EF5}.Debug|x64.Build.0 = Debug|Any CPU
		{9DB0E821-3AC9-4121-A61D-A106E7557EF5}.Debug|x86.ActiveCfg = Debug|Any CPU
		{9DB0E821-3AC9-4121-A61D-A106E7557EF5}.Debug|x86.Build.0 = Debug|Any CPU
		{9DB0E821-3AC9-4121-A61D-A106E7557EF5}.Release|Any CPU.ActiveCfg = Release|Any CPU
		{9DB0E821-3AC9-4121-A61D-A106E7557EF5}.Release|Any CPU.Build.0 = Release|Any CPU
		{9DB0E821-3AC9-4121-A61D-A106E7557EF5}.Release|x64.ActiveCfg = Release|Any CPU
		{9DB0E821-3AC9-4121-A61D-A106E7557EF5}.Release|x64.Build.0 = Release|Any CPU
		{9DB0E821-3AC9-4121-A61D-A106E7557EF5}.Release|x86.ActiveCfg = Release|Any CPU
		{9DB0E821-3AC9-4121-A61D-A106E7557EF5}.Release|x86.Build.0 = Release|Any CPU
		{EE1DBE52-CE9D-4ACE-83E3-905F49471CA2}.Debug|Any CPU.ActiveCfg = Debug|Any CPU
		{EE1DBE52-CE9D-4ACE-83E3-905F49471CA2}.Debug|Any CPU.Build.0 = Debug|Any CPU
		{EE1DBE52-CE9D-4ACE-83E3-905F49471CA2}.Debug|x64.ActiveCfg = Debug|Any CPU
		{EE1DBE52-CE9D-4ACE-83E3-905F49471CA2}.Debug|x64.Build.0 = Debug|Any CPU
		{EE1DBE52-CE9D-4ACE-83E3-905F49471CA2}.Debug|x86.ActiveCfg = Debug|Any CPU
		{EE1DBE52-CE9D-4ACE-83E3-905F49471CA2}.Debug|x86.Build.0 = Debug|Any CPU
		{EE1DBE52-CE9D-4ACE-83E3-905F49471CA2}.Release|Any CPU.ActiveCfg = Release|Any CPU
		{EE1DBE52-CE9D-4ACE-83E3-905F49471CA2}.Release|Any CPU.Build.0 = Release|Any CPU
		{EE1DBE52-CE9D-4ACE-83E3-905F49471CA2}.Release|x64.ActiveCfg = Release|Any CPU
		{EE1DBE52-CE9D-4ACE-83E3-905F49471CA2}.Release|x64.Build.0 = Release|Any CPU
		{EE1DBE52-CE9D-4ACE-83E3-905F49471CA2}.Release|x86.ActiveCfg = Release|Any CPU
		{EE1DBE52-CE9D-4ACE-83E3-905F49471CA2}.Release|x86.Build.0 = Release|Any CPU
		{5D1A6837-3241-4D88-99CA-8441B7C89BDF}.Debug|Any CPU.ActiveCfg = Debug|Any CPU
		{5D1A6837-3241-4D88-99CA-8441B7C89BDF}.Debug|Any CPU.Build.0 = Debug|Any CPU
		{5D1A6837-3241-4D88-99CA-8441B7C89BDF}.Debug|x64.ActiveCfg = Debug|Any CPU
		{5D1A6837-3241-4D88-99CA-8441B7C89BDF}.Debug|x64.Build.0 = Debug|Any CPU
		{5D1A6837-3241-4D88-99CA-8441B7C89BDF}.Debug|x86.ActiveCfg = Debug|Any CPU
		{5D1A6837-3241-4D88-99CA-8441B7C89BDF}.Debug|x86.Build.0 = Debug|Any CPU
		{5D1A6837-3241-4D88-99CA-8441B7C89BDF}.Release|Any CPU.ActiveCfg = Release|Any CPU
		{5D1A6837-3241-4D88-99CA-8441B7C89BDF}.Release|Any CPU.Build.0 = Release|Any CPU
		{5D1A6837-3241-4D88-99CA-8441B7C89BDF}.Release|x64.ActiveCfg = Release|Any CPU
		{5D1A6837-3241-4D88-99CA-8441B7C89BDF}.Release|x64.Build.0 = Release|Any CPU
		{5D1A6837-3241-4D88-99CA-8441B7C89BDF}.Release|x86.ActiveCfg = Release|Any CPU
		{5D1A6837-3241-4D88-99CA-8441B7C89BDF}.Release|x86.Build.0 = Release|Any CPU
	EndGlobalSection
	GlobalSection(SolutionProperties) = preSolution
		HideSolutionNode = FALSE
	EndGlobalSection
	GlobalSection(NestedProjects) = preSolution
		{4C2B7D95-2DCA-4A5B-B403-520CA98F24A2} = {827E0CD3-B72D-47B6-A68D-7590B98EB39B}
		{BF8A041E-A46D-4F62-85C1-58ADFA0A4EEB} = {827E0CD3-B72D-47B6-A68D-7590B98EB39B}
		{B7626BC7-3236-4C6A-8DBB-B0487BE7A88A} = {827E0CD3-B72D-47B6-A68D-7590B98EB39B}
		{9DB0E821-3AC9-4121-A61D-A106E7557EF5} = {827E0CD3-B72D-47B6-A68D-7590B98EB39B}
		{EE1DBE52-CE9D-4ACE-83E3-905F49471CA2} = {0AB3BF05-4346-4AA6-1389-037BE0695223}
		{5D1A6837-3241-4D88-99CA-8441B7C89BDF} = {0AB3BF05-4346-4AA6-1389-037BE0695223}
	EndGlobalSection
EndGlobal
